[[package]]
name = "cc"
version = "1.0.18"
source = "registry+https://github.com/rust-lang/crates.io-index"

[[package]]
name = "cfg-if"
version = "0.1.4"
source = "registry+https://github.com/rust-lang/crates.io-index"

[[package]]
name = "derive-new"
version = "0.5.5"
source = "registry+https://github.com/rust-lang/crates.io-index"
dependencies = [
 "proc-macro2 0.4.9 (registry+https://github.com/rust-lang/crates.io-index)",
 "quote 0.6.5 (registry+https://github.com/rust-lang/crates.io-index)",
 "syn 0.14.7 (registry+https://github.com/rust-lang/crates.io-index)",
]

[[package]]
name = "gcc"
version = "0.3.54"
source = "registry+https://github.com/rust-lang/crates.io-index"

[[package]]
name = "libc"
version = "0.2.42"
source = "registry+https://github.com/rust-lang/crates.io-index"

[[package]]
name = "log"
version = "0.4.3"
source = "registry+https://github.com/rust-lang/crates.io-index"
dependencies = [
 "cfg-if 0.1.4 (registry+https://github.com/rust-lang/crates.io-index)",
]

[[package]]
name = "ncurses"
version = "5.93.0"
source = "registry+https://github.com/rust-lang/crates.io-index"
dependencies = [
 "gcc 0.3.54 (registry+https://github.com/rust-lang/crates.io-index)",
 "libc 0.2.42 (registry+https://github.com/rust-lang/crates.io-index)",
 "pkg-config 0.3.12 (registry+https://github.com/rust-lang/crates.io-index)",
]

[[package]]
name = "pancurses"
version = "0.16.0"
source = "registry+https://github.com/rust-lang/crates.io-index"
dependencies = [
 "libc 0.2.42 (registry+https://github.com/rust-lang/crates.io-index)",
 "log 0.4.3 (registry+https://github.com/rust-lang/crates.io-index)",
 "ncurses 5.93.0 (registry+https://github.com/rust-lang/crates.io-index)",
 "pdcurses-sys 0.7.0 (registry+https://github.com/rust-lang/crates.io-index)",
 "winreg 0.5.1 (registry+https://github.com/rust-lang/crates.io-index)",
]

[[package]]
name = "pdcurses-sys"
version = "0.7.0"
source = "registry+https://github.com/rust-lang/crates.io-index"
dependencies = [
 "cc 1.0.18 (registry+https://github.com/rust-lang/crates.io-index)",
 "libc 0.2.42 (registry+https://github.com/rust-lang/crates.io-index)",
]

[[package]]
name = "pkg-config"
version = "0.3.12"
source = "registry+https://github.com/rust-lang/crates.io-index"

[[package]]
name = "proc-macro2"
version = "0.4.9"
source = "registry+https://github.com/rust-lang/crates.io-index"
dependencies = [
 "unicode-xid 0.1.0 (registry+https://github.com/rust-lang/crates.io-index)",
]

[[package]]
name = "quote"
version = "0.6.5"
source = "registry+https://github.com/rust-lang/crates.io-index"
dependencies = [
 "proc-macro2 0.4.9 (registry+https://github.com/rust-lang/crates.io-index)",
]

[[package]]
name = "rusted"
version = "0.1.0"
dependencies = [
 "derive-new 0.5.5 (registry+https://github.com/rust-lang/crates.io-index)",
 "pancurses 0.16.0 (registry+https://github.com/rust-lang/crates.io-index)",
 "zcomponents 0.1.0",
]

[[package]]
name = "syn"
version = "0.14.7"
source = "registry+https://github.com/rust-lang/crates.io-index"
dependencies = [
 "proc-macro2 0.4.9 (registry+https://github.com/rust-lang/crates.io-index)",
 "quote 0.6.5 (registry+https://github.com/rust-lang/crates.io-index)",
 "unicode-xid 0.1.0 (registry+https://github.com/rust-lang/crates.io-index)",
]

[[package]]
name = "unicode-xid"
version = "0.1.0"
source = "registry+https://github.com/rust-lang/crates.io-index"

[[package]]
name = "winapi"
version = "0.3.5"
source = "registry+https://github.com/rust-lang/crates.io-index"
dependencies = [
 "winapi-i686-pc-windows-gnu 0.4.0 (registry+https://github.com/rust-lang/crates.io-index)",
 "winapi-x86_64-pc-windows-gnu 0.4.0 (registry+https://github.com/rust-lang/crates.io-index)",
]

[[package]]
name = "winapi-i686-pc-windows-gnu"
version = "0.4.0"
source = "registry+https://github.com/rust-lang/crates.io-index"

[[package]]
name = "winapi-x86_64-pc-windows-gnu"
version = "0.4.0"
source = "registry+https://github.com/rust-lang/crates.io-index"

[[package]]
name = "winreg"
version = "0.5.1"
source = "registry+https://github.com/rust-lang/crates.io-index"
dependencies = [
 "winapi 0.3.5 (registry+https://github.com/rust-lang/crates.io-index)",
]

[[package]]
name = "zcomponents"
version = "0.1.0"

[metadata]
"checksum cc 1.0.18 (registry+https://github.com/rust-lang/crates.io-index)" = "2119ea4867bd2b8ed3aecab467709720b2d55b1bcfe09f772fd68066eaf15275"
"checksum cfg-if 0.1.4 (registry+https://github.com/rust-lang/crates.io-index)" = "efe5c877e17a9c717a0bf3613b2709f723202c4e4675cc8f12926ded29bcb17e"
"checksum derive-new 0.5.5 (registry+https://github.com/rust-lang/crates.io-index)" = "899ec79626c14e00ccc9729b4d750bbe67fe76a8f436824c16e0233bbd9d7daa"
"checksum gcc 0.3.54 (registry+https://github.com/rust-lang/crates.io-index)" = "5e33ec290da0d127825013597dbdfc28bee4964690c7ce1166cbc2a7bd08b1bb"
"checksum libc 0.2.42 (registry+https://github.com/rust-lang/crates.io-index)" = "b685088df2b950fccadf07a7187c8ef846a959c142338a48f9dc0b94517eb5f1"
"checksum log 0.4.3 (registry+https://github.com/rust-lang/crates.io-index)" = "61bd98ae7f7b754bc53dca7d44b604f733c6bba044ea6f41bc8d89272d8161d2"
"checksum ncurses 5.93.0 (registry+https://github.com/rust-lang/crates.io-index)" = "0ecd01d431a5e9c1c733a1e3ab939b9b6c9c4ddc540c74caf3909664127785fa"
"checksum pancurses 0.16.0 (registry+https://github.com/rust-lang/crates.io-index)" = "cedc1409ecbb0a789f39e2a90ae052df6670c1e1c17724587e1872e6ec270e56"
"checksum pdcurses-sys 0.7.0 (registry+https://github.com/rust-lang/crates.io-index)" = "90e12bfe55b7080fdfa0742f7a22ce7d5d1da250ca064ae6b81c843a2084fa2a"
"checksum pkg-config 0.3.12 (registry+https://github.com/rust-lang/crates.io-index)" = "6a52e4dbc8354505ee07e484ab07127e06d87ca6fa7f0a516a2b294e5ad5ad16"
"checksum proc-macro2 0.4.9 (registry+https://github.com/rust-lang/crates.io-index)" = "cccdc7557a98fe98453030f077df7f3a042052fae465bb61d2c2c41435cfd9b6"
"checksum quote 0.6.5 (registry+https://github.com/rust-lang/crates.io-index)" = "3372dc35766b36a99ce2352bd1b6ea0137c38d215cc0c8780bf6de6df7842ba9"
"checksum syn 0.14.7 (registry+https://github.com/rust-lang/crates.io-index)" = "e2e13df71f29f9440b50261a5882c86eac334f1badb3134ec26f0de2f1418e44"
"checksum unicode-xid 0.1.0 (registry+https://github.com/rust-lang/crates.io-index)" = "fc72304796d0818e357ead4e000d19c9c174ab23dc11093ac919054d20a6a7fc"
"checksum winapi 0.3.5 (registry+https://github.com/rust-lang/crates.io-index)" = "773ef9dcc5f24b7d850d0ff101e542ff24c3b090a9768e03ff889fdef41f00fd"
"checksum winapi-i686-pc-windows-gnu 0.4.0 (registry+https://github.com/rust-lang/crates.io-index)" = "ac3b87c63620426dd9b991e5ce0329eff545bccbbb34f3be09ff6fb6ab51b7b6"
"checksum winapi-x86_64-pc-windows-gnu 0.4.0 (registry+https://github.com/rust-lang/crates.io-index)" = "712e227841d057c1ee1cd2fb22fa7e5a5461ae8e48fa2ca79ec42cfc1931183f"
"checksum winreg 0.5.1 (registry+https://github.com/rust-lang/crates.io-index)" = "a27a759395c1195c4cc5cda607ef6f8f6498f64e78f7900f5de0a127a424704a"
